// !$*UTF8*$!
{
	archiveVersion = 1;
	classes = {
	};
	objectVersion = 46;
	objects = {

/* Begin PBXBuildFile section */
		D74305411BB1544F0005D451 /* AppDelegate.swift in Sources */ = {isa = PBXBuildFile; fileRef = D74305401BB1544F0005D451 /* AppDelegate.swift */; };
		D74305431BB1544F0005D451 /* ViewController.swift in Sources */ = {isa = PBXBuildFile; fileRef = D74305421BB1544F0005D451 /* ViewController.swift */; };
		D74305461BB1544F0005D451 /* Main.storyboard in Resources */ = {isa = PBXBuildFile; fileRef = D74305441BB1544F0005D451 /* Main.storyboard */; };
		D74305481BB1544F0005D451 /* Assets.xcassets in Resources */ = {isa = PBXBuildFile; fileRef = D74305471BB1544F0005D451 /* Assets.xcassets */; };
		D743054B1BB1544F0005D451 /* LaunchScreen.storyboard in Resources */ = {isa = PBXBuildFile; fileRef = D74305491BB1544F0005D451 /* LaunchScreen.storyboard */; };
		D76A7A071BB1560200B94000 /* SKLAppGuideViewController.swift in Sources */ = {isa = PBXBuildFile; fileRef = D76A7A061BB1560200B94000 /* SKLAppGuideViewController.swift */; settings = {ASSET_TAGS = (); }; };
		D7AF30EC1BB236FD007E4EE5 /* ip4-1.png in Resources */ = {isa = PBXBuildFile; fileRef = D7AF30E11BB236FD007E4EE5 /* ip4-1.png */; settings = {ASSET_TAGS = (); }; };
		D7AF30ED1BB236FD007E4EE5 /* ip4-2.png in Resources */ = {isa = PBXBuildFile; fileRef = D7AF30E21BB236FD007E4EE5 /* ip4-2.png */; settings = {ASSET_TAGS = (); }; };
		D7AF30EE1BB236FD007E4EE5 /* ip4-3.png in Resources */ = {isa = PBXBuildFile; fileRef = D7AF30E31BB236FD007E4EE5 /* ip4-3.png */; settings = {ASSET_TAGS = (); }; };
		D7AF30EF1BB236FD007E4EE5 /* ip4-4.png in Resources */ = {isa = PBXBuildFile; fileRef = D7AF30E41BB236FD007E4EE5 /* ip4-4.png */; settings = {ASSET_TAGS = (); }; };
		D7AF30F01BB236FD007E4EE5 /* ip4-5.png in Resources */ = {isa = PBXBuildFile; fileRef = D7AF30E51BB236FD007E4EE5 /* ip4-5.png */; settings = {ASSET_TAGS = (); }; };
		D7AF30F11BB236FD007E4EE5 /* ip6s-1.png in Resources */ = {isa = PBXBuildFile; fileRef = D7AF30E71BB236FD007E4EE5 /* ip6s-1.png */; settings = {ASSET_TAGS = (); }; };
		D7AF30F21BB236FD007E4EE5 /* ip6s-2.png in Resources */ = {isa = PBXBuildFile; fileRef = D7AF30E81BB236FD007E4EE5 /* ip6s-2.png */; settings = {ASSET_TAGS = (); }; };
		D7AF30F31BB236FD007E4EE5 /* ip6s-3.png in Resources */ = {isa = PBXBuildFile; fileRef = D7AF30E91BB236FD007E4EE5 /* ip6s-3.png */; settings = {ASSET_TAGS = (); }; };
		D7AF30F41BB236FD007E4EE5 /* ip6s-4.png in Resources */ = {isa = PBXBuildFile; fileRef = D7AF30EA1BB236FD007E4EE5 /* ip6s-4.png */; settings = {ASSET_TAGS = (); }; };
		D7AF30F51BB236FD007E4EE5 /* ip6s-5.png in Resources */ = {isa = PBXBuildFile; fileRef = D7AF30EB1BB236FD007E4EE5 /* ip6s-5.png */; settings = {ASSET_TAGS = (); }; };
/* End PBXBuildFile section */

/* Begin PBXFileReference section */
		D743053D1BB1544F0005D451 /* SKLAppGuideDemo.app */ = {isa = PBXFileReference; explicitFileType = wrapper.application; includeInIndex = 0; path = SKLAppGuideDemo.app; sourceTree = BUILT_PRODUCTS_DIR; };
		D74305401BB1544F0005D451 /* AppDelegate.swift */ = {isa = PBXFileReference; lastKnownFileType = sourcecode.swift; path = AppDelegate.swift; sourceTree = "<group>"; };
		D74305421BB1544F0005D451 /* ViewController.swift */ = {isa = PBXFileReference; lastKnownFileType = sourcecode.swift; path = ViewController.swift; sourceTree = "<group>"; };
		D74305451BB1544F0005D451 /* Base */ = {isa = PBXFileReference; lastKnownFileType = file.storyboard; name = Base; path = Base.lproj/Main.storyboard; sourceTree = "<group>"; };
		D74305471BB1544F0005D451 /* Assets.xcassets */ = {isa = PBXFileReference; lastKnownFileType = folder.assetcatalog; path = Assets.xcassets; sourceTree = "<group>"; };
		D743054A1BB1544F0005D451 /* Base */ = {isa = PBXFileReference; lastKnownFileType = file.storyboard; name = Base; path = Base.lproj/LaunchScreen.storyboard; sourceTree = "<group>"; };
		D743054C1BB1544F0005D451 /* Info.plist */ = {isa = PBXFileReference; lastKnownFileType = text.plist.xml; path = Info.plist; sourceTree = "<group>"; };
		D76A7A061BB1560200B94000 /* SKLAppGuideViewController.swift */ = {isa = PBXFileReference; fileEncoding = 4; lastKnownFileType = sourcecode.swift; path = SKLAppGuideViewController.swift; sourceTree = "<group>"; };
		D7AF30E11BB236FD007E4EE5 /* ip4-1.png */ = {isa = PBXFileReference; lastKnownFileType = image.png; path = "ip4-1.png"; sourceTree = "<group>"; };
		D7AF30E21BB236FD007E4EE5 /* ip4-2.png */ = {isa = PBXFileReference; lastKnownFileType = image.png; path = "ip4-2.png"; sourceTree = "<group>"; };
		D7AF30E31BB236FD007E4EE5 /* ip4-3.png */ = {isa = PBXFileReference; lastKnownFileType = image.png; path = "ip4-3.png"; sourceTree = "<group>"; };
		D7AF30E41BB236FD007E4EE5 /* ip4-4.png */ = {isa = PBXFileReference; lastKnownFileType = image.png; path = "ip4-4.png"; sourceTree = "<group>"; };
		D7AF30E51BB236FD007E4EE5 /* ip4-5.png */ = {isa = PBXFileReference; lastKnownFileType = image.png; path = "ip4-5.png"; sourceTree = "<group>"; };
		D7AF30E71BB236FD007E4EE5 /* ip6s-1.png */ = {isa = PBXFileReference; lastKnownFileType = image.png; path = "ip6s-1.png"; sourceTree = "<group>"; };
		D7AF30E81BB236FD007E4EE5 /* ip6s-2.png */ = {isa = PBXFileReference; lastKnownFileType = image.png; path = "ip6s-2.png"; sourceTree = "<group>"; };
		D7AF30E91BB236FD007E4EE5 /* ip6s-3.png */ = {isa = PBXFileReference; lastKnownFileType = image.png; path = "ip6s-3.png"; sourceTree = "<group>"; };
		D7AF30EA1BB236FD007E4EE5 /* ip6s-4.png */ = {isa = PBXFileReference; lastKnownFileType = image.png; path = "ip6s-4.png"; sourceTree = "<group>"; };
		D7AF30EB1BB236FD007E4EE5 /* ip6s-5.png */ = {isa = PBXFileReference; lastKnownFileType = image.png; path = "ip6s-5.png"; sourceTree = "<group>"; };
/* End PBXFileReference section */

/* Begin PBXFrameworksBuildPhase section */
		D743053A1BB1544F0005D451 /* Frameworks */ = {
			isa = PBXFrameworksBuildPhase;
			buildActionMask = 2147483647;
			files = (
			);
			runOnlyForDeploymentPostprocessing = 0;
		};
/* End PBXFrameworksBuildPhase section */

/* Begin PBXGroup section */
		D74305341BB1544F0005D451 = {
			isa = PBXGroup;
			children = (
				D743053F1BB1544F0005D451 /* SKLAppGuideDemo */,
				D743053E1BB1544F0005D451 /* Products */,
			);
			sourceTree = "<group>";
		};
		D743053E1BB1544F0005D451 /* Products */ = {
			isa = PBXGroup;
			children = (
				D743053D1BB1544F0005D451 /* SKLAppGuideDemo.app */,
			);
			name = Products;
			sourceTree = "<group>";
		};
		D743053F1BB1544F0005D451 /* SKLAppGuideDemo */ = {
			isa = PBXGroup;
			children = (
				D7AF30E01BB236FD007E4EE5 /* ip4 */,
				D7AF30E61BB236FD007E4EE5 /* IP6S */,
				D76A7A061BB1560200B94000 /* SKLAppGuideViewController.swift */,
				D74305401BB1544F0005D451 /* AppDelegate.swift */,
				D74305421BB1544F0005D451 /* ViewController.swift */,
				D74305441BB1544F0005D451 /* Main.storyboard */,
				D74305471BB1544F0005D451 /* Assets.xcassets */,
				D74305491BB1544F0005D451 /* LaunchScreen.storyboard */,
				D743054C1BB1544F0005D451 /* Info.plist */,
			);
			path = SKLAppGuideDemo;
			sourceTree = "<group>";
		};
		D7AF30E01BB236FD007E4EE5 /* ip4 */ = {
			isa = PBXGroup;
			children = (
				D7AF30E11BB236FD007E4EE5 /* ip4-1.png */,
				D7AF30E21BB236FD007E4EE5 /* ip4-2.png */,
				D7AF30E31BB236FD007E4EE5 /* ip4-3.png */,
				D7AF30E41BB236FD007E4EE5 /* ip4-4.png */,
				D7AF30E51BB236FD007E4EE5 /* ip4-5.png */,
			);
			path = ip4;
			sourceTree = "<group>";
		};
		D7AF30E61BB236FD007E4EE5 /* IP6S */ = {
			isa = PBXGroup;
			children = (
				D7AF30E71BB236FD007E4EE5 /* ip6s-1.png */,
				D7AF30E81BB236FD007E4EE5 /* ip6s-2.png */,
				D7AF30E91BB236FD007E4EE5 /* ip6s-3.png */,
				D7AF30EA1BB236FD007E4EE5 /* ip6s-4.png */,
				D7AF30EB1BB236FD007E4EE5 /* ip6s-5.png */,
			);
			path = IP6S;
			sourceTree = "<group>";
		};
/* End PBXGroup section */

/* Begin PBXNativeTarget section */
		D743053C1BB1544F0005D451 /* SKLAppGuideDemo */ = {
			isa = PBXNativeTarget;
			buildConfigurationList = D743054F1BB1544F0005D451 /* Build configuration list for PBXNativeTarget "SKLAppGuideDemo" */;
			buildPhases = (
				D74305391BB1544F0005D451 /* Sources */,
				D743053A1BB1544F0005D451 /* Frameworks */,
				D743053B1BB1544F0005D451 /* Resources */,
			);
			buildRules = (
			);
			dependencies = (
			);
			name = SKLAppGuideDemo;
			productName = SKLAppGuideDemo;
			productReference = D743053D1BB1544F0005D451 /* SKLAppGuideDemo.app */;
			productType = "com.apple.product-type.application";
		};
/* End PBXNativeTarget section */

/* Begin PBXProject section */
		D74305351BB1544F0005D451 /* Project object */ = {
			isa = PBXProject;
			attributes = {
				LastUpgradeCheck = 0700;
				ORGANIZATIONNAME = Tom;
				TargetAttributes = {
					D743053C1BB1544F0005D451 = {
						CreatedOnToolsVersion = 7.0;
					};
				};
			};
			buildConfigurationList = D74305381BB1544F0005D451 /* Build configuration list for PBXProject "SKLAppGuideDemo" */;
			compatibilityVersion = "Xcode 3.2";
			developmentRegion = English;
			hasScannedForEncodings = 0;
			knownRegions = (
				en,
				Base,
			);
			mainGroup = D74305341BB1544F0005D451;
			productRefGroup = D743053E1BB1544F0005D451 /* Products */;
			projectDirPath = "";
			projectRoot = "";
			targets = (
				D743053C1BB1544F0005D451 /* SKLAppGuideDemo */,
			);
		};
/* End PBXProject section */

/* Begin PBXResourcesBuildPhase section */
		D743053B1BB1544F0005D451 /* Resources */ = {
			isa = PBXResourcesBuildPhase;
			buildActionMask = 2147483647;
			files = (
				D7AF30F41BB236FD007E4EE5 /* ip6s-4.png in Resources */,
				D7AF30F21BB236FD007E4EE5 /* ip6s-2.png in Resources */,
				D7AF30F11BB236FD007E4EE5 /* ip6s-1.png in Resources */,
				D743054B1BB1544F0005D451 /* LaunchScreen.storyboard in Resources */,
				D7AF30F31BB236FD007E4EE5 /* ip6s-3.png in Resources */,
				D7AF30F51BB236FD007E4EE5 /* ip6s-5.png in Resources */,
				D7AF30ED1BB236FD007E4EE5 /* ip4-2.png in Resources */,
				D74305481BB1544F0005D451 /* Assets.xcassets in Resources */,
				D7AF30F01BB236FD007E4EE5 /* ip4-5.png in Resources */,
				D74305461BB1544F0005D451 /* Main.storyboard in Resources */,
				D7AF30EC1BB236FD007E4EE5 /* ip4-1.png in Resources */,
				D7AF30EE1BB236FD007E4EE5 /* ip4-3.png in Resources */,
				D7AF30EF1BB236FD007E4EE5 /* ip4-4.png in Resources */,
			);
			runOnlyForDeploymentPostprocessing = 0;
		};
/* End PBXResourcesBuildPhase section */

/* Begin PBXSourcesBuildPhase section */
		D74305391BB1544F0005D451 /* Sources */ = {
			isa = PBXSourcesBuildPhase;
			buildActionMask = 2147483647;
			files = (
				D74305431BB1544F0005D451 /* ViewController.swift in Sources */,
				D74305411BB1544F0005D451 /* AppDelegate.swift in Sources */,
				D76A7A071BB1560200B94000 /* SKLAppGuideViewController.swift in Sources */,
			);
			runOnlyForDeploymentPostprocessing = 0;
		};
/* End PBXSourcesBuildPhase section */

/* Begin PBXVariantGroup section */
		D74305441BB1544F0005D451 /* Main.storyboard */ = {
			isa = PBXVariantGroup;
			children = (
				D74305451BB1544F0005D451 /* Base */,
			);
			name = Main.storyboard;
			sourceTree = "<group>";
		};
		D74305491BB1544F0005D451 /* LaunchScreen.storyboard */ = {
			isa = PBXVariantGroup;
			children = (
				D743054A1BB1544F0005D451 /* Base */,
			);
			name = LaunchScreen.storyboard;
			sourceTree = "<group>";
		};
/* End PBXVariantGroup section */

/* Begin XCBuildConfiguration section */
		D743054D1BB1544F0005D451 /* Debug */ = {
			isa = XCBuildConfiguration;
			buildSettings = {
				ALWAYS_SEARCH_USER_PATHS = NO;
				CLANG_CXX_LANGUAGE_STANDARD = "gnu++0x";
				CLANG_CXX_LIBRARY = "libc++";
				CLANG_ENABLE_MODULES = YES;
				CLANG_ENABLE_OBJC_ARC = YES;
				CLANG_WARN_BOOL_CONVERSION = YES;
				CLANG_WARN_CONSTANT_CONVERSION = YES;
				CLANG_WARN_DIRECT_OBJC_ISA_USAGE = YES_ERROR;
				CLANG_WARN_EMPTY_BODY = YES;
				CLANG_WARN_ENUM_CONVERSION = YES;
				CLANG_WARN_INT_CONVERSION = YES;
				CLANG_WARN_OBJC_ROOT_CLASS = YES_ERROR;
				CLANG_WARN_UNREACHABLE_CODE = YES;
				CLANG_WARN__DUPLICATE_METHOD_MATCH = YES;
				"CODE_SIGN_IDENTITY[sdk=iphoneos*]" = "iPhone Developer";
				COPY_PHASE_STRIP = NO;
				DEBUG_INFORMATION_FORMAT = dwarf;
				ENABLE_STRICT_OBJC_MSGSEND = YES;
				ENABLE_TESTABILITY = YES;
				GCC_C_LANGUAGE_STANDARD = gnu99;
				GCC_DYNAMIC_NO_PIC = NO;
				GCC_NO_COMMON_BLOCKS = YES;
				GCC_OPTIMIZATION_LEVEL = 0;
				GCC_PREPROCESSOR_DEFINITIONS = (
					"DEBUG=1",
					"$(inherited)",
				);
				GCC_WARN_64_TO_32_BIT_CONVERSION = YES;
				GCC_WARN_ABOUT_RETURN_TYPE = YES_ERROR;
				GCC_WARN_UNDECLARED_SELECTOR = YES;
				GCC_WARN_UNINITIALIZED_AUTOS = YES_AGGRESSIVE;
				GCC_WARN_UNUSED_FUNCTION = YES;
				GCC_WARN_UNUSED_VARIABLE = YES;
				IPHONEOS_DEPLOYMENT_TARGET = 9.0;
				MTL_ENABLE_DEBUG_INFO = YES;
				ONLY_ACTIVE_ARCH = YES;
				SDKROOT = iphoneos;
				SWIFT_OPTIMIZATION_LEVEL = "-Onone";
			};
			name = Debug;
		};
		D743054E1BB1544F0005D451 /* Release */ = {
			isa = XCBuildConfiguration;
			buildSettings = {
				ALWAYS_SEARCH_USER_PATHS = NO;
				CLANG_CXX_LANGUAGE_STANDARD = "gnu++0x";
				CLANG_CXX_LIBRARY = "libc++";
				CLANG_ENABLE_MODULES = YES;
				CLANG_ENABLE_OBJC_ARC = YES;
				CLANG_WARN_BOOL_CONVERSION = YES;
				CLANG_WARN_CONSTANT_CONVERSION = YES;
				CLANG_WARN_DIRECT_OBJC_ISA_USAGE = YES_ERROR;
				CLANG_WARN_EMPTY_BODY = YES;
				CLANG_WARN_ENUM_CONVERSION = YES;
				CLANG_WARN_INT_CONVERSION = YES;
				CLANG_WARN_OBJC_ROOT_CLASS = YES_ERROR;
				CLANG_WARN_UNREACHABLE_CODE = YES;
				CLANG_WARN__DUPLICATE_METHOD_MATCH = YES;
				"CODE_SIGN_IDENTITY[sdk=iphoneos*]" = "iPhone Developer";
				COPY_PHASE_STRIP = NO;
				DEBUG_INFORMATION_FORMAT = "dwarf-with-dsym";
				ENABLE_NS_ASSERTIONS = NO;
				ENABLE_STRICT_OBJC_MSGSEND = YES;
				GCC_C_LANGUAGE_STANDARD = gnu99;
				GCC_NO_COMMON_BLOCKS = YES;
				GCC_WARN_64_TO_32_BIT_CONVERSION = YES;
				GCC_WARN_ABOUT_RETURN_TYPE = YES_ERROR;
				GCC_WARN_UNDECLARED_SELECTOR = YES;
				GCC_WARN_UNINITIALIZED_AUTOS = YES_AGGRESSIVE;
				GCC_WARN_UNUSED_FUNCTION = YES;
				GCC_WARN_UNUSED_VARIABLE = YES;
				IPHONEOS_DEPLOYMENT_TARGET = 9.0;
				MTL_ENABLE_DEBUG_INFO = NO;
				SDKROOT = iphoneos;
				VALIDATE_PRODUCT = YES;
			};
			name = Release;
		};
		D74305501BB1544F0005D451 /* Debug */ = {
			isa = XCBuildConfiguration;
			buildSettings = {
				ASSETCATALOG_COMPILER_APPICON_NAME = AppIcon;
				INFOPLIST_FILE = SKLAppGuideDemo/Info.plist;
				LD_RUNPATH_SEARCH_PATHS = "$(inherited) @executable_path/Frameworks";
				PRODUCT_BUNDLE_IDENTIFIER = com.tom.ios.SKLAppGuideDemo;
				PRODUCT_NAME = "$(TARGET_NAME)";
			};
			name = Debug;
		};
		D74305511BB1544F0005D451 /* Release */ = {
			isa = XCBuildConfiguration;
			buildSettings = {
				ASSETCATALOG_COMPILER_APPICON_NAME = AppIcon;
				INFOPLIST_FILE = SKLAppGuideDemo/Info.plist;
				LD_RUNPATH_SEARCH_PATHS = "$(inherited) @executable_path/Frameworks";
				PRODUCT_BUNDLE_IDENTIFIER = com.tom.ios.SKLAppGuideDemo;
				PRODUCT_NAME = "$(TARGET_NAME)";
			};
			name = Release;
		};
/* End XCBuildConfiguration section */

/* Begin XCConfigurationList section */
		D74305381BB1544F0005D451 /* Build configuration list for PBXProject "SKLAppGuideDemo" */ = {
			isa = XCConfigurationList;
			buildConfigurations = (
				D743054D1BB1544F0005D451 /* Debug */,
				D743054E1BB1544F0005D451 /* Release */,
			);
			defaultConfigurationIsVisible = 0;
			defaultConfigurationName = Release;
		};
		D743054F1BB1544F0005D451 /* Build configuration list for PBXNativeTarget "SKLAppGuideDemo" */ = {
			isa = XCConfigurationList;
			buildConfigurations = (
				D74305501BB1544F0005D451 /* Debug */,
				D74305511BB1544F0005D451 /* Release */,
			);
			defaultConfigurationIsVisible = 0;
			defaultConfigurationName = Release;
		};
/* End XCConfigurationList section */
	};
	rootObject = D74305351BB1544F0005D451 /* Project object */;
}
